// !$*UTF8*$!
{
	archiveVersion = 1;
	classes = {
	};
	objectVersion = 56;
	objects = {

/* Begin PBXBuildFile section */
		5610FF8ABBD23DCD832DAE04 /* Pods_issue_tracker.framework in Frameworks */ = {isa = PBXBuildFile; fileRef = C4A228AF8694FA3F29925403 /* Pods_issue_tracker.framework */; };
		8F334AAB2A0B7E7C0070DDEA /* IssueFilterTableViewController.swift in Sources */ = {isa = PBXBuildFile; fileRef = 8F334AAA2A0B7E7C0070DDEA /* IssueFilterTableViewController.swift */; };
		8F4456BD2A09E67100EC6B39 /* .swiftlint.yml in Resources */ = {isa = PBXBuildFile; fileRef = 8F4456BC2A09E67100EC6B39 /* .swiftlint.yml */; };
		8F5204FB2A1DDF4900B49CF0 /* FilterOptionListMock.swift in Sources */ = {isa = PBXBuildFile; fileRef = 8F5204FA2A1DDF4900B49CF0 /* FilterOptionListMock.swift */; };
		8F61EB262A1642ED0020E302 /* State.swift in Sources */ = {isa = PBXBuildFile; fileRef = 8F61EB252A1642ED0020E302 /* State.swift */; };
		8F61EB282A1648B90020E302 /* IssueFrame.swift in Sources */ = {isa = PBXBuildFile; fileRef = 8F61EB272A1648B90020E302 /* IssueFrame.swift */; };
		8FA8A8A72A25941E00A748B2 /* URLRequestFactory.swift in Sources */ = {isa = PBXBuildFile; fileRef = 8FA8A8A62A25941E00A748B2 /* URLRequestFactory.swift */; };
		8FA8A8A92A25985C00A748B2 /* IssueDataDecoder.swift in Sources */ = {isa = PBXBuildFile; fileRef = 8FA8A8A82A25985C00A748B2 /* IssueDataDecoder.swift */; };
		8FA8A8AD2A2864E700A748B2 /* AddIssueViewController.swift in Sources */ = {isa = PBXBuildFile; fileRef = 8FA8A8AC2A2864E700A748B2 /* AddIssueViewController.swift */; };
		8FB11D842A18D8BC00EDEE45 /* NetworkManager.swift in Sources */ = {isa = PBXBuildFile; fileRef = 8FB11D832A18D8BC00EDEE45 /* NetworkManager.swift */; };
		8FB11D862A18E72E00EDEE45 /* IssueFrameHolder.swift in Sources */ = {isa = PBXBuildFile; fileRef = 8FB11D852A18E72E00EDEE45 /* IssueFrameHolder.swift */; };
		8FB11D8B2A1C530E00EDEE45 /* FilterOption.swift in Sources */ = {isa = PBXBuildFile; fileRef = 8FB11D8A2A1C530E00EDEE45 /* FilterOption.swift */; };
		8FBE800B2A0B8D8B00D9DA1A /* IssueFilterTableViewCell.swift in Sources */ = {isa = PBXBuildFile; fileRef = 8FBE80092A0B8D8B00D9DA1A /* IssueFilterTableViewCell.swift */; };
		8FBE800C2A0B8D8B00D9DA1A /* IssueFilterTableViewCell.xib in Resources */ = {isa = PBXBuildFile; fileRef = 8FBE800A2A0B8D8B00D9DA1A /* IssueFilterTableViewCell.xib */; };
		8FC150FF2A20425500258108 /* Server.swift in Sources */ = {isa = PBXBuildFile; fileRef = 8FC150FE2A20425500258108 /* Server.swift */; };
		8FDDF61B2A286BC400138598 /* AddIssueTableViewCell.swift in Sources */ = {isa = PBXBuildFile; fileRef = 8FDDF6192A286BC400138598 /* AddIssueTableViewCell.swift */; };
		8FDDF61C2A286BC400138598 /* AddIssueTableViewCell.xib in Resources */ = {isa = PBXBuildFile; fileRef = 8FDDF61A2A286BC400138598 /* AddIssueTableViewCell.xib */; };
		8FE4D3242A28F3B2008F1B57 /* FilterOptionFactory.swift in Sources */ = {isa = PBXBuildFile; fileRef = 8FE4D3232A28F3B2008F1B57 /* FilterOptionFactory.swift */; };
		8FE4D3262A28FB93008F1B57 /* IssueDataEncoder.swift in Sources */ = {isa = PBXBuildFile; fileRef = 8FE4D3252A28FB93008F1B57 /* IssueDataEncoder.swift */; };
		8FE4D3282A291E26008F1B57 /* PostIssueFormat.swift in Sources */ = {isa = PBXBuildFile; fileRef = 8FE4D3272A291E26008F1B57 /* PostIssueFormat.swift */; };
		E4545DAA2A24DFDA00C3DB5B /* LabelTabViewController.swift in Sources */ = {isa = PBXBuildFile; fileRef = E4545DA92A24DFDA00C3DB5B /* LabelTabViewController.swift */; };
		E4545DAF2A25C5C400C3DB5B /* LabelTabCollectionView.swift in Sources */ = {isa = PBXBuildFile; fileRef = E4545DAE2A25C5C400C3DB5B /* LabelTabCollectionView.swift */; };
		E4545DB12A25D45300C3DB5B /* LabelTabCollectionViewCell.swift in Sources */ = {isa = PBXBuildFile; fileRef = E4545DB02A25D45300C3DB5B /* LabelTabCollectionViewCell.swift */; };
		E4545DB32A260DE400C3DB5B /* LabelTabCollectionViewHeaderCell.swift in Sources */ = {isa = PBXBuildFile; fileRef = E4545DB22A260DE400C3DB5B /* LabelTabCollectionViewHeaderCell.swift */; };
		E4545DB52A2718CE00C3DB5B /* LabelMock.swift in Sources */ = {isa = PBXBuildFile; fileRef = E4545DB42A2718CE00C3DB5B /* LabelMock.swift */; };
		E4802D9D2A11FD470077B0F4 /* BadgeLabel.swift in Sources */ = {isa = PBXBuildFile; fileRef = E4802D9C2A11FD470077B0F4 /* BadgeLabel.swift */; };
		E4802D9F2A131A8D0077B0F4 /* SubIconView.swift in Sources */ = {isa = PBXBuildFile; fileRef = E4802D9E2A131A8D0077B0F4 /* SubIconView.swift */; };
		E48278632A09DAC800E91FA3 /* AppDelegate.swift in Sources */ = {isa = PBXBuildFile; fileRef = E48278622A09DAC800E91FA3 /* AppDelegate.swift */; };
		E48278652A09DAC800E91FA3 /* SceneDelegate.swift in Sources */ = {isa = PBXBuildFile; fileRef = E48278642A09DAC800E91FA3 /* SceneDelegate.swift */; };
		E48278672A09DAC800E91FA3 /* LoginViewController.swift in Sources */ = {isa = PBXBuildFile; fileRef = E48278662A09DAC800E91FA3 /* LoginViewController.swift */; };
		E482786A2A09DAC800E91FA3 /* Main.storyboard in Resources */ = {isa = PBXBuildFile; fileRef = E48278682A09DAC800E91FA3 /* Main.storyboard */; };
		E482786C2A09DAC900E91FA3 /* Assets.xcassets in Resources */ = {isa = PBXBuildFile; fileRef = E482786B2A09DAC900E91FA3 /* Assets.xcassets */; };
		E482786F2A09DAC900E91FA3 /* LaunchScreen.storyboard in Resources */ = {isa = PBXBuildFile; fileRef = E482786D2A09DAC900E91FA3 /* LaunchScreen.storyboard */; };
		E482787C2A09EA3400E91FA3 /* HomeViewController.swift in Sources */ = {isa = PBXBuildFile; fileRef = E482787B2A09EA3400E91FA3 /* HomeViewController.swift */; };
		E482787E2A09EA5300E91FA3 /* HomeStoryboard.storyboard in Resources */ = {isa = PBXBuildFile; fileRef = E482787D2A09EA5300E91FA3 /* HomeStoryboard.storyboard */; };
		E48278812A09ED1E00E91FA3 /* IssueTabViewController.swift in Sources */ = {isa = PBXBuildFile; fileRef = E48278802A09ED1E00E91FA3 /* IssueTabViewController.swift */; };
		E48278912A0B771100E91FA3 /* IssueCollectionView.swift in Sources */ = {isa = PBXBuildFile; fileRef = E48278902A0B771100E91FA3 /* IssueCollectionView.swift */; };
		E482789C2A0BAC7700E91FA3 /* IssueCollectionViewCell.swift in Sources */ = {isa = PBXBuildFile; fileRef = E482789A2A0BAC7700E91FA3 /* IssueCollectionViewCell.swift */; };
		E482789D2A0BAC7700E91FA3 /* IssueCollectionViewCell.xib in Resources */ = {isa = PBXBuildFile; fileRef = E482789B2A0BAC7700E91FA3 /* IssueCollectionViewCell.xib */; };
		E48278A02A0C8AEC00E91FA3 /* IssueCollectionViewHeaderCell.swift in Sources */ = {isa = PBXBuildFile; fileRef = E482789E2A0C8AEC00E91FA3 /* IssueCollectionViewHeaderCell.swift */; };
		E48278A12A0C8AEC00E91FA3 /* IssueCollectionViewHeaderCell.xib in Resources */ = {isa = PBXBuildFile; fileRef = E482789F2A0C8AEC00E91FA3 /* IssueCollectionViewHeaderCell.xib */; };
		E48B73842A1DCE89009A441C /* IssueSelectingToolbar.swift in Sources */ = {isa = PBXBuildFile; fileRef = E48B73832A1DCE89009A441C /* IssueSelectingToolbar.swift */; };
		E48B73862A1DEA1A009A441C /* AddIssueButton.swift in Sources */ = {isa = PBXBuildFile; fileRef = E48B73852A1DEA1A009A441C /* AddIssueButton.swift */; };
		E49420CA2A28A9C90073DA3C /* AddtionalInfoTableViewController.swift in Sources */ = {isa = PBXBuildFile; fileRef = E49420C92A28A9C90073DA3C /* AddtionalInfoTableViewController.swift */; };
		E49420CC2A28B2230073DA3C /* AdditionalInformation.swift in Sources */ = {isa = PBXBuildFile; fileRef = E49420CB2A28B2230073DA3C /* AdditionalInformation.swift */; };
		E4D8AD5D2A161666005BA9BA /* Issue.swift in Sources */ = {isa = PBXBuildFile; fileRef = E4D8AD5C2A161666005BA9BA /* Issue.swift */; };
		E4D8AD5F2A16166F005BA9BA /* Title.swift in Sources */ = {isa = PBXBuildFile; fileRef = E4D8AD5E2A16166F005BA9BA /* Title.swift */; };
		E4D8AD612A161679005BA9BA /* Contents.swift in Sources */ = {isa = PBXBuildFile; fileRef = E4D8AD602A161679005BA9BA /* Contents.swift */; };
		E4D8AD632A161684005BA9BA /* Milestone.swift in Sources */ = {isa = PBXBuildFile; fileRef = E4D8AD622A161684005BA9BA /* Milestone.swift */; };
		E4D8AD652A161692005BA9BA /* Label.swift in Sources */ = {isa = PBXBuildFile; fileRef = E4D8AD642A161692005BA9BA /* Label.swift */; };
		E4D8AD672A1616AA005BA9BA /* Author.swift in Sources */ = {isa = PBXBuildFile; fileRef = E4D8AD662A1616AA005BA9BA /* Author.swift */; };
/* End PBXBuildFile section */

/* Begin PBXFileReference section */
		6925B422C61C66FF8FFD96C3 /* Pods-issue-tracker.debug.xcconfig */ = {isa = PBXFileReference; includeInIndex = 1; lastKnownFileType = text.xcconfig; name = "Pods-issue-tracker.debug.xcconfig"; path = "Target Support Files/Pods-issue-tracker/Pods-issue-tracker.debug.xcconfig"; sourceTree = "<group>"; };
		6FA8EEB52250DFCA5841EF77 /* Pods-issue-tracker.release.xcconfig */ = {isa = PBXFileReference; includeInIndex = 1; lastKnownFileType = text.xcconfig; name = "Pods-issue-tracker.release.xcconfig"; path = "Target Support Files/Pods-issue-tracker/Pods-issue-tracker.release.xcconfig"; sourceTree = "<group>"; };
		8F334AAA2A0B7E7C0070DDEA /* IssueFilterTableViewController.swift */ = {isa = PBXFileReference; lastKnownFileType = sourcecode.swift; path = IssueFilterTableViewController.swift; sourceTree = "<group>"; };
		8F4456BC2A09E67100EC6B39 /* .swiftlint.yml */ = {isa = PBXFileReference; lastKnownFileType = text.yaml; path = .swiftlint.yml; sourceTree = "<group>"; };
		8F5204FA2A1DDF4900B49CF0 /* FilterOptionListMock.swift */ = {isa = PBXFileReference; lastKnownFileType = sourcecode.swift; path = FilterOptionListMock.swift; sourceTree = "<group>"; };
		8F61EB252A1642ED0020E302 /* State.swift */ = {isa = PBXFileReference; lastKnownFileType = sourcecode.swift; path = State.swift; sourceTree = "<group>"; };
		8F61EB272A1648B90020E302 /* IssueFrame.swift */ = {isa = PBXFileReference; lastKnownFileType = sourcecode.swift; path = IssueFrame.swift; sourceTree = "<group>"; };
		8FA8A8A62A25941E00A748B2 /* URLRequestFactory.swift */ = {isa = PBXFileReference; lastKnownFileType = sourcecode.swift; path = URLRequestFactory.swift; sourceTree = "<group>"; };
		8FA8A8A82A25985C00A748B2 /* IssueDataDecoder.swift */ = {isa = PBXFileReference; lastKnownFileType = sourcecode.swift; path = IssueDataDecoder.swift; sourceTree = "<group>"; };
		8FA8A8AC2A2864E700A748B2 /* AddIssueViewController.swift */ = {isa = PBXFileReference; lastKnownFileType = sourcecode.swift; path = AddIssueViewController.swift; sourceTree = "<group>"; };
		8FB11D832A18D8BC00EDEE45 /* NetworkManager.swift */ = {isa = PBXFileReference; lastKnownFileType = sourcecode.swift; path = NetworkManager.swift; sourceTree = "<group>"; };
		8FB11D852A18E72E00EDEE45 /* IssueFrameHolder.swift */ = {isa = PBXFileReference; lastKnownFileType = sourcecode.swift; path = IssueFrameHolder.swift; sourceTree = "<group>"; };
		8FB11D8A2A1C530E00EDEE45 /* FilterOption.swift */ = {isa = PBXFileReference; lastKnownFileType = sourcecode.swift; path = FilterOption.swift; sourceTree = "<group>"; };
		8FBE80092A0B8D8B00D9DA1A /* IssueFilterTableViewCell.swift */ = {isa = PBXFileReference; lastKnownFileType = sourcecode.swift; path = IssueFilterTableViewCell.swift; sourceTree = "<group>"; };
		8FBE800A2A0B8D8B00D9DA1A /* IssueFilterTableViewCell.xib */ = {isa = PBXFileReference; lastKnownFileType = file.xib; path = IssueFilterTableViewCell.xib; sourceTree = "<group>"; };
		8FC150FE2A20425500258108 /* Server.swift */ = {isa = PBXFileReference; lastKnownFileType = sourcecode.swift; path = Server.swift; sourceTree = "<group>"; };
		8FDDF6192A286BC400138598 /* AddIssueTableViewCell.swift */ = {isa = PBXFileReference; lastKnownFileType = sourcecode.swift; path = AddIssueTableViewCell.swift; sourceTree = "<group>"; };
		8FDDF61A2A286BC400138598 /* AddIssueTableViewCell.xib */ = {isa = PBXFileReference; lastKnownFileType = file.xib; path = AddIssueTableViewCell.xib; sourceTree = "<group>"; };
		8FE4D3232A28F3B2008F1B57 /* FilterOptionFactory.swift */ = {isa = PBXFileReference; lastKnownFileType = sourcecode.swift; path = FilterOptionFactory.swift; sourceTree = "<group>"; };
		8FE4D3252A28FB93008F1B57 /* IssueDataEncoder.swift */ = {isa = PBXFileReference; lastKnownFileType = sourcecode.swift; path = IssueDataEncoder.swift; sourceTree = "<group>"; };
		8FE4D3272A291E26008F1B57 /* PostIssueFormat.swift */ = {isa = PBXFileReference; lastKnownFileType = sourcecode.swift; path = PostIssueFormat.swift; sourceTree = "<group>"; };
		C4A228AF8694FA3F29925403 /* Pods_issue_tracker.framework */ = {isa = PBXFileReference; explicitFileType = wrapper.framework; includeInIndex = 0; path = Pods_issue_tracker.framework; sourceTree = BUILT_PRODUCTS_DIR; };
		E4545DA92A24DFDA00C3DB5B /* LabelTabViewController.swift */ = {isa = PBXFileReference; lastKnownFileType = sourcecode.swift; path = LabelTabViewController.swift; sourceTree = "<group>"; };
		E4545DAE2A25C5C400C3DB5B /* LabelTabCollectionView.swift */ = {isa = PBXFileReference; lastKnownFileType = sourcecode.swift; path = LabelTabCollectionView.swift; sourceTree = "<group>"; };
		E4545DB02A25D45300C3DB5B /* LabelTabCollectionViewCell.swift */ = {isa = PBXFileReference; lastKnownFileType = sourcecode.swift; path = LabelTabCollectionViewCell.swift; sourceTree = "<group>"; };
		E4545DB22A260DE400C3DB5B /* LabelTabCollectionViewHeaderCell.swift */ = {isa = PBXFileReference; lastKnownFileType = sourcecode.swift; path = LabelTabCollectionViewHeaderCell.swift; sourceTree = "<group>"; };
		E4545DB42A2718CE00C3DB5B /* LabelMock.swift */ = {isa = PBXFileReference; lastKnownFileType = sourcecode.swift; path = LabelMock.swift; sourceTree = "<group>"; };
		E4802D9C2A11FD470077B0F4 /* BadgeLabel.swift */ = {isa = PBXFileReference; lastKnownFileType = sourcecode.swift; path = BadgeLabel.swift; sourceTree = "<group>"; };
		E4802D9E2A131A8D0077B0F4 /* SubIconView.swift */ = {isa = PBXFileReference; lastKnownFileType = sourcecode.swift; path = SubIconView.swift; sourceTree = "<group>"; };
		E482785F2A09DAC800E91FA3 /* issue-tracker.app */ = {isa = PBXFileReference; explicitFileType = wrapper.application; includeInIndex = 0; path = "issue-tracker.app"; sourceTree = BUILT_PRODUCTS_DIR; };
		E48278622A09DAC800E91FA3 /* AppDelegate.swift */ = {isa = PBXFileReference; lastKnownFileType = sourcecode.swift; path = AppDelegate.swift; sourceTree = "<group>"; };
		E48278642A09DAC800E91FA3 /* SceneDelegate.swift */ = {isa = PBXFileReference; lastKnownFileType = sourcecode.swift; path = SceneDelegate.swift; sourceTree = "<group>"; };
		E48278662A09DAC800E91FA3 /* LoginViewController.swift */ = {isa = PBXFileReference; lastKnownFileType = sourcecode.swift; path = LoginViewController.swift; sourceTree = "<group>"; };
		E48278692A09DAC800E91FA3 /* Base */ = {isa = PBXFileReference; lastKnownFileType = file.storyboard; name = Base; path = Base.lproj/Main.storyboard; sourceTree = "<group>"; };
		E482786B2A09DAC900E91FA3 /* Assets.xcassets */ = {isa = PBXFileReference; lastKnownFileType = folder.assetcatalog; path = Assets.xcassets; sourceTree = "<group>"; };
		E482786E2A09DAC900E91FA3 /* Base */ = {isa = PBXFileReference; lastKnownFileType = file.storyboard; name = Base; path = Base.lproj/LaunchScreen.storyboard; sourceTree = "<group>"; };
		E48278702A09DAC900E91FA3 /* Info.plist */ = {isa = PBXFileReference; lastKnownFileType = text.plist.xml; path = Info.plist; sourceTree = "<group>"; };
		E482787B2A09EA3400E91FA3 /* HomeViewController.swift */ = {isa = PBXFileReference; lastKnownFileType = sourcecode.swift; path = HomeViewController.swift; sourceTree = "<group>"; };
		E482787D2A09EA5300E91FA3 /* HomeStoryboard.storyboard */ = {isa = PBXFileReference; lastKnownFileType = file.storyboard; path = HomeStoryboard.storyboard; sourceTree = "<group>"; };
		E48278802A09ED1E00E91FA3 /* IssueTabViewController.swift */ = {isa = PBXFileReference; lastKnownFileType = sourcecode.swift; path = IssueTabViewController.swift; sourceTree = "<group>"; };
		E48278902A0B771100E91FA3 /* IssueCollectionView.swift */ = {isa = PBXFileReference; lastKnownFileType = sourcecode.swift; path = IssueCollectionView.swift; sourceTree = "<group>"; };
		E482789A2A0BAC7700E91FA3 /* IssueCollectionViewCell.swift */ = {isa = PBXFileReference; lastKnownFileType = sourcecode.swift; path = IssueCollectionViewCell.swift; sourceTree = "<group>"; };
		E482789B2A0BAC7700E91FA3 /* IssueCollectionViewCell.xib */ = {isa = PBXFileReference; lastKnownFileType = file.xib; path = IssueCollectionViewCell.xib; sourceTree = "<group>"; };
		E482789E2A0C8AEC00E91FA3 /* IssueCollectionViewHeaderCell.swift */ = {isa = PBXFileReference; lastKnownFileType = sourcecode.swift; path = IssueCollectionViewHeaderCell.swift; sourceTree = "<group>"; };
		E482789F2A0C8AEC00E91FA3 /* IssueCollectionViewHeaderCell.xib */ = {isa = PBXFileReference; lastKnownFileType = file.xib; path = IssueCollectionViewHeaderCell.xib; sourceTree = "<group>"; };
		E48B73832A1DCE89009A441C /* IssueSelectingToolbar.swift */ = {isa = PBXFileReference; lastKnownFileType = sourcecode.swift; path = IssueSelectingToolbar.swift; sourceTree = "<group>"; };
		E48B73852A1DEA1A009A441C /* AddIssueButton.swift */ = {isa = PBXFileReference; lastKnownFileType = sourcecode.swift; path = AddIssueButton.swift; sourceTree = "<group>"; };
		E49420C92A28A9C90073DA3C /* AddtionalInfoTableViewController.swift */ = {isa = PBXFileReference; lastKnownFileType = sourcecode.swift; path = AddtionalInfoTableViewController.swift; sourceTree = "<group>"; };
		E49420CB2A28B2230073DA3C /* AdditionalInformation.swift */ = {isa = PBXFileReference; lastKnownFileType = sourcecode.swift; path = AdditionalInformation.swift; sourceTree = "<group>"; };
		E4D8AD5C2A161666005BA9BA /* Issue.swift */ = {isa = PBXFileReference; lastKnownFileType = sourcecode.swift; path = Issue.swift; sourceTree = "<group>"; };
		E4D8AD5E2A16166F005BA9BA /* Title.swift */ = {isa = PBXFileReference; lastKnownFileType = sourcecode.swift; path = Title.swift; sourceTree = "<group>"; };
		E4D8AD602A161679005BA9BA /* Contents.swift */ = {isa = PBXFileReference; lastKnownFileType = sourcecode.swift; path = Contents.swift; sourceTree = "<group>"; };
		E4D8AD622A161684005BA9BA /* Milestone.swift */ = {isa = PBXFileReference; lastKnownFileType = sourcecode.swift; path = Milestone.swift; sourceTree = "<group>"; };
		E4D8AD642A161692005BA9BA /* Label.swift */ = {isa = PBXFileReference; lastKnownFileType = sourcecode.swift; path = Label.swift; sourceTree = "<group>"; };
		E4D8AD662A1616AA005BA9BA /* Author.swift */ = {isa = PBXFileReference; lastKnownFileType = sourcecode.swift; path = Author.swift; sourceTree = "<group>"; };
/* End PBXFileReference section */

/* Begin PBXFrameworksBuildPhase section */
		E482785C2A09DAC800E91FA3 /* Frameworks */ = {
			isa = PBXFrameworksBuildPhase;
			buildActionMask = 2147483647;
			files = (
				5610FF8ABBD23DCD832DAE04 /* Pods_issue_tracker.framework in Frameworks */,
			);
			runOnlyForDeploymentPostprocessing = 0;
		};
/* End PBXFrameworksBuildPhase section */

/* Begin PBXGroup section */
		6BA7F2EF8400DE18FCD04346 /* Frameworks */ = {
			isa = PBXGroup;
			children = (
				C4A228AF8694FA3F29925403 /* Pods_issue_tracker.framework */,
			);
			name = Frameworks;
			sourceTree = "<group>";
		};
		A94763ED266B6E190CC2AA8A /* Pods */ = {
			isa = PBXGroup;
			children = (
				6925B422C61C66FF8FFD96C3 /* Pods-issue-tracker.debug.xcconfig */,
				6FA8EEB52250DFCA5841EF77 /* Pods-issue-tracker.release.xcconfig */,
			);
			path = Pods;
			sourceTree = "<group>";
		};
		E4545DAB2A259AB200C3DB5B /* Label */ = {
			isa = PBXGroup;
			children = (
				E4545DA92A24DFDA00C3DB5B /* LabelTabViewController.swift */,
				E4545DAE2A25C5C400C3DB5B /* LabelTabCollectionView.swift */,
				E4545DB02A25D45300C3DB5B /* LabelTabCollectionViewCell.swift */,
				E4545DB22A260DE400C3DB5B /* LabelTabCollectionViewHeaderCell.swift */,
				E4545DB42A2718CE00C3DB5B /* LabelMock.swift */,
			);
			path = Label;
			sourceTree = "<group>";
		};
		E48278562A09DAC800E91FA3 = {
			isa = PBXGroup;
			children = (
				8F4456BC2A09E67100EC6B39 /* .swiftlint.yml */,
				E48278612A09DAC800E91FA3 /* issue-tracker */,
				E48278602A09DAC800E91FA3 /* Products */,
				A94763ED266B6E190CC2AA8A /* Pods */,
				6BA7F2EF8400DE18FCD04346 /* Frameworks */,
			);
			sourceTree = "<group>";
		};
		E48278602A09DAC800E91FA3 /* Products */ = {
			isa = PBXGroup;
			children = (
				E482785F2A09DAC800E91FA3 /* issue-tracker.app */,
			);
			name = Products;
			sourceTree = "<group>";
		};
		E48278612A09DAC800E91FA3 /* issue-tracker */ = {
			isa = PBXGroup;
			children = (
				E4D8AD682A1625DF005BA9BA /* Networking */,
				E48278762A09E86600E91FA3 /* Supporting Files */,
				E48278772A09E8B100E91FA3 /* Login */,
				E482787A2A09E9DA00E91FA3 /* Home */,
				E482786B2A09DAC900E91FA3 /* Assets.xcassets */,
				E482786D2A09DAC900E91FA3 /* LaunchScreen.storyboard */,
				E48278702A09DAC900E91FA3 /* Info.plist */,
			);
			path = "issue-tracker";
			sourceTree = "<group>";
		};
		E48278762A09E86600E91FA3 /* Supporting Files */ = {
			isa = PBXGroup;
			children = (
				E48278642A09DAC800E91FA3 /* SceneDelegate.swift */,
				E48278622A09DAC800E91FA3 /* AppDelegate.swift */,
			);
			path = "Supporting Files";
			sourceTree = "<group>";
		};
		E48278772A09E8B100E91FA3 /* Login */ = {
			isa = PBXGroup;
			children = (
				E48278682A09DAC800E91FA3 /* Main.storyboard */,
				E48278662A09DAC800E91FA3 /* LoginViewController.swift */,
			);
			path = Login;
			sourceTree = "<group>";
		};
		E482787A2A09E9DA00E91FA3 /* Home */ = {
			isa = PBXGroup;
			children = (
				E482787B2A09EA3400E91FA3 /* HomeViewController.swift */,
				E482787D2A09EA5300E91FA3 /* HomeStoryboard.storyboard */,
				E4545DAB2A259AB200C3DB5B /* Label */,
				E482787F2A09EA9500E91FA3 /* Issue */,
			);
			path = Home;
			sourceTree = "<group>";
		};
		E482787F2A09EA9500E91FA3 /* Issue */ = {
			isa = PBXGroup;
			children = (
				E4D8AD5B2A16164B005BA9BA /* Models */,
				E4D8AD5A2A16163B005BA9BA /* Controllers */,
				E4D8AD592A161615005BA9BA /* Views */,
			);
			path = Issue;
			sourceTree = "<group>";
		};
		E4D8AD592A161615005BA9BA /* Views */ = {
			isa = PBXGroup;
			children = (
				E4802D9C2A11FD470077B0F4 /* BadgeLabel.swift */,
				E48278902A0B771100E91FA3 /* IssueCollectionView.swift */,
				E482789A2A0BAC7700E91FA3 /* IssueCollectionViewCell.swift */,
				E482789B2A0BAC7700E91FA3 /* IssueCollectionViewCell.xib */,
				E482789E2A0C8AEC00E91FA3 /* IssueCollectionViewHeaderCell.swift */,
				E482789F2A0C8AEC00E91FA3 /* IssueCollectionViewHeaderCell.xib */,
				8FBE80092A0B8D8B00D9DA1A /* IssueFilterTableViewCell.swift */,
				8FBE800A2A0B8D8B00D9DA1A /* IssueFilterTableViewCell.xib */,
				E4802D9E2A131A8D0077B0F4 /* SubIconView.swift */,
				E48B73832A1DCE89009A441C /* IssueSelectingToolbar.swift */,
				E48B73852A1DEA1A009A441C /* AddIssueButton.swift */,
				8FDDF6192A286BC400138598 /* AddIssueTableViewCell.swift */,
				8FDDF61A2A286BC400138598 /* AddIssueTableViewCell.xib */,
			);
			path = Views;
			sourceTree = "<group>";
		};
		E4D8AD5A2A16163B005BA9BA /* Controllers */ = {
			isa = PBXGroup;
			children = (
				E48278802A09ED1E00E91FA3 /* IssueTabViewController.swift */,
				8F334AAA2A0B7E7C0070DDEA /* IssueFilterTableViewController.swift */,
				8FA8A8AC2A2864E700A748B2 /* AddIssueViewController.swift */,
				E49420C92A28A9C90073DA3C /* AddtionalInfoTableViewController.swift */,
			);
			path = Controllers;
			sourceTree = "<group>";
		};
		E4D8AD5B2A16164B005BA9BA /* Models */ = {
			isa = PBXGroup;
			children = (
				E4D8AD5C2A161666005BA9BA /* Issue.swift */,
				E4D8AD5E2A16166F005BA9BA /* Title.swift */,
				E4D8AD602A161679005BA9BA /* Contents.swift */,
				E4D8AD622A161684005BA9BA /* Milestone.swift */,
				E4D8AD642A161692005BA9BA /* Label.swift */,
				E4D8AD662A1616AA005BA9BA /* Author.swift */,
				8F61EB252A1642ED0020E302 /* State.swift */,
				8F61EB272A1648B90020E302 /* IssueFrame.swift */,
				8FB11D852A18E72E00EDEE45 /* IssueFrameHolder.swift */,
				8FB11D8A2A1C530E00EDEE45 /* FilterOption.swift */,
				8F5204FA2A1DDF4900B49CF0 /* FilterOptionListMock.swift */,
				E49420CB2A28B2230073DA3C /* AdditionalInformation.swift */,
				8FE4D3232A28F3B2008F1B57 /* FilterOptionFactory.swift */,
				8FE4D3272A291E26008F1B57 /* PostIssueFormat.swift */,
			);
			path = Models;
			sourceTree = "<group>";
		};
		E4D8AD682A1625DF005BA9BA /* Networking */ = {
			isa = PBXGroup;
			children = (
				8FB11D832A18D8BC00EDEE45 /* NetworkManager.swift */,
				8FC150FE2A20425500258108 /* Server.swift */,
				8FA8A8A62A25941E00A748B2 /* URLRequestFactory.swift */,
				8FA8A8A82A25985C00A748B2 /* IssueDataDecoder.swift */,
				8FE4D3252A28FB93008F1B57 /* IssueDataEncoder.swift */,
			);
			path = Networking;
			sourceTree = "<group>";
		};
/* End PBXGroup section */

/* Begin PBXNativeTarget section */
		E482785E2A09DAC800E91FA3 /* issue-tracker */ = {
			isa = PBXNativeTarget;
			buildConfigurationList = E48278732A09DAC900E91FA3 /* Build configuration list for PBXNativeTarget "issue-tracker" */;
			buildPhases = (
				051E5E2DDD1E51468E485262 /* [CP] Check Pods Manifest.lock */,
				8F4456B92A09E5A700EC6B39 /* ShellScript */,
				E482785B2A09DAC800E91FA3 /* Sources */,
				E482785C2A09DAC800E91FA3 /* Frameworks */,
				E482785D2A09DAC800E91FA3 /* Resources */,
				BFC7325F14171AA8E6FFFDA3 /* [CP] Embed Pods Frameworks */,
			);
			buildRules = (
			);
			dependencies = (
			);
			name = "issue-tracker";
			productName = "issue-tracker";
			productReference = E482785F2A09DAC800E91FA3 /* issue-tracker.app */;
			productType = "com.apple.product-type.application";
		};
/* End PBXNativeTarget section */

/* Begin PBXProject section */
		E48278572A09DAC800E91FA3 /* Project object */ = {
			isa = PBXProject;
			attributes = {
				BuildIndependentTargetsInParallel = 1;
				LastSwiftUpdateCheck = 1430;
				LastUpgradeCheck = 1430;
				TargetAttributes = {
					E482785E2A09DAC800E91FA3 = {
						CreatedOnToolsVersion = 14.3;
					};
				};
			};
			buildConfigurationList = E482785A2A09DAC800E91FA3 /* Build configuration list for PBXProject "issue-tracker" */;
			compatibilityVersion = "Xcode 14.0";
			developmentRegion = en;
			hasScannedForEncodings = 0;
			knownRegions = (
				en,
				Base,
			);
			mainGroup = E48278562A09DAC800E91FA3;
			productRefGroup = E48278602A09DAC800E91FA3 /* Products */;
			projectDirPath = "";
			projectRoot = "";
			targets = (
				E482785E2A09DAC800E91FA3 /* issue-tracker */,
			);
		};
/* End PBXProject section */

/* Begin PBXResourcesBuildPhase section */
		E482785D2A09DAC800E91FA3 /* Resources */ = {
			isa = PBXResourcesBuildPhase;
			buildActionMask = 2147483647;
			files = (
				8FDDF61C2A286BC400138598 /* AddIssueTableViewCell.xib in Resources */,
				E482789D2A0BAC7700E91FA3 /* IssueCollectionViewCell.xib in Resources */,
				8F4456BD2A09E67100EC6B39 /* .swiftlint.yml in Resources */,
				E482786F2A09DAC900E91FA3 /* LaunchScreen.storyboard in Resources */,
				E482786C2A09DAC900E91FA3 /* Assets.xcassets in Resources */,
				E482786A2A09DAC800E91FA3 /* Main.storyboard in Resources */,
				E48278A12A0C8AEC00E91FA3 /* IssueCollectionViewHeaderCell.xib in Resources */,
				8FBE800C2A0B8D8B00D9DA1A /* IssueFilterTableViewCell.xib in Resources */,
				E482787E2A09EA5300E91FA3 /* HomeStoryboard.storyboard in Resources */,
			);
			runOnlyForDeploymentPostprocessing = 0;
		};
/* End PBXResourcesBuildPhase section */

/* Begin PBXShellScriptBuildPhase section */
		051E5E2DDD1E51468E485262 /* [CP] Check Pods Manifest.lock */ = {
			isa = PBXShellScriptBuildPhase;
			buildActionMask = 2147483647;
			files = (
			);
			inputFileListPaths = (
			);
			inputPaths = (
				"${PODS_PODFILE_DIR_PATH}/Podfile.lock",
				"${PODS_ROOT}/Manifest.lock",
			);
			name = "[CP] Check Pods Manifest.lock";
			outputFileListPaths = (
			);
			outputPaths = (
				"$(DERIVED_FILE_DIR)/Pods-issue-tracker-checkManifestLockResult.txt",
			);
			runOnlyForDeploymentPostprocessing = 0;
			shellPath = /bin/sh;
			shellScript = "diff \"${PODS_PODFILE_DIR_PATH}/Podfile.lock\" \"${PODS_ROOT}/Manifest.lock\" > /dev/null\nif [ $? != 0 ] ; then\n    # print error to STDERR\n    echo \"error: The sandbox is not in sync with the Podfile.lock. Run 'pod install' or update your CocoaPods installation.\" >&2\n    exit 1\nfi\n# This output is used by Xcode 'outputs' to avoid re-running this script phase.\necho \"SUCCESS\" > \"${SCRIPT_OUTPUT_FILE_0}\"\n";
			showEnvVarsInLog = 0;
		};
		8F4456B92A09E5A700EC6B39 /* ShellScript */ = {
			isa = PBXShellScriptBuildPhase;
			buildActionMask = 2147483647;
			files = (
			);
			inputFileListPaths = (
			);
			inputPaths = (
			);
			outputFileListPaths = (
			);
			outputPaths = (
			);
			runOnlyForDeploymentPostprocessing = 0;
			shellPath = /bin/sh;
			shellScript = "# Type a script or drag a script file from your workspace to insert its path.\n${PODS_ROOT}/SwiftLint/swiftlint\n";
		};
		BFC7325F14171AA8E6FFFDA3 /* [CP] Embed Pods Frameworks */ = {
			isa = PBXShellScriptBuildPhase;
			buildActionMask = 2147483647;
			files = (
			);
			inputFileListPaths = (
				"${PODS_ROOT}/Target Support Files/Pods-issue-tracker/Pods-issue-tracker-frameworks-${CONFIGURATION}-input-files.xcfilelist",
			);
			name = "[CP] Embed Pods Frameworks";
			outputFileListPaths = (
				"${PODS_ROOT}/Target Support Files/Pods-issue-tracker/Pods-issue-tracker-frameworks-${CONFIGURATION}-output-files.xcfilelist",
			);
			runOnlyForDeploymentPostprocessing = 0;
			shellPath = /bin/sh;
			shellScript = "\"${PODS_ROOT}/Target Support Files/Pods-issue-tracker/Pods-issue-tracker-frameworks.sh\"\n";
			showEnvVarsInLog = 0;
		};
/* End PBXShellScriptBuildPhase section */

/* Begin PBXSourcesBuildPhase section */
		E482785B2A09DAC800E91FA3 /* Sources */ = {
			isa = PBXSourcesBuildPhase;
			buildActionMask = 2147483647;
			files = (
				E48278912A0B771100E91FA3 /* IssueCollectionView.swift in Sources */,
				E4545DAA2A24DFDA00C3DB5B /* LabelTabViewController.swift in Sources */,
				E48B73862A1DEA1A009A441C /* AddIssueButton.swift in Sources */,
				E49420CC2A28B2230073DA3C /* AdditionalInformation.swift in Sources */,
				8FE4D3242A28F3B2008F1B57 /* FilterOptionFactory.swift in Sources */,
				E4D8AD612A161679005BA9BA /* Contents.swift in Sources */,
				E48278672A09DAC800E91FA3 /* LoginViewController.swift in Sources */,
				E4545DB52A2718CE00C3DB5B /* LabelMock.swift in Sources */,
				8FC150FF2A20425500258108 /* Server.swift in Sources */,
				8FA8A8AD2A2864E700A748B2 /* AddIssueViewController.swift in Sources */,
				8F61EB262A1642ED0020E302 /* State.swift in Sources */,
				8FA8A8A92A25985C00A748B2 /* IssueDataDecoder.swift in Sources */,
				8FE4D3262A28FB93008F1B57 /* IssueDataEncoder.swift in Sources */,
				8FB11D842A18D8BC00EDEE45 /* NetworkManager.swift in Sources */,
				E4545DB32A260DE400C3DB5B /* LabelTabCollectionViewHeaderCell.swift in Sources */,
				E4D8AD5F2A16166F005BA9BA /* Title.swift in Sources */,
				E4802D9D2A11FD470077B0F4 /* BadgeLabel.swift in Sources */,
				8F61EB282A1648B90020E302 /* IssueFrame.swift in Sources */,
				E4545DB12A25D45300C3DB5B /* LabelTabCollectionViewCell.swift in Sources */,
				E4D8AD5D2A161666005BA9BA /* Issue.swift in Sources */,
				8FE4D3282A291E26008F1B57 /* PostIssueFormat.swift in Sources */,
				8FB11D862A18E72E00EDEE45 /* IssueFrameHolder.swift in Sources */,
				E482789C2A0BAC7700E91FA3 /* IssueCollectionViewCell.swift in Sources */,
				E48278812A09ED1E00E91FA3 /* IssueTabViewController.swift in Sources */,
				8FB11D8B2A1C530E00EDEE45 /* FilterOption.swift in Sources */,
				E48B73842A1DCE89009A441C /* IssueSelectingToolbar.swift in Sources */,
				E48278632A09DAC800E91FA3 /* AppDelegate.swift in Sources */,
				E4802D9F2A131A8D0077B0F4 /* SubIconView.swift in Sources */,
				E4D8AD632A161684005BA9BA /* Milestone.swift in Sources */,
				8F334AAB2A0B7E7C0070DDEA /* IssueFilterTableViewController.swift in Sources */,
				E4D8AD672A1616AA005BA9BA /* Author.swift in Sources */,
				8FBE800B2A0B8D8B00D9DA1A /* IssueFilterTableViewCell.swift in Sources */,
				E48278652A09DAC800E91FA3 /* SceneDelegate.swift in Sources */,
				8F5204FB2A1DDF4900B49CF0 /* FilterOptionListMock.swift in Sources */,
				E49420CA2A28A9C90073DA3C /* AddtionalInfoTableViewController.swift in Sources */,
				E4D8AD652A161692005BA9BA /* Label.swift in Sources */,
				E4545DAF2A25C5C400C3DB5B /* LabelTabCollectionView.swift in Sources */,
				8FA8A8A72A25941E00A748B2 /* URLRequestFactory.swift in Sources */,
				E48278A02A0C8AEC00E91FA3 /* IssueCollectionViewHeaderCell.swift in Sources */,
				E482787C2A09EA3400E91FA3 /* HomeViewController.swift in Sources */,
				8FDDF61B2A286BC400138598 /* AddIssueTableViewCell.swift in Sources */,
			);
			runOnlyForDeploymentPostprocessing = 0;
		};
/* End PBXSourcesBuildPhase section */

/* Begin PBXVariantGroup section */
		E48278682A09DAC800E91FA3 /* Main.storyboard */ = {
			isa = PBXVariantGroup;
			children = (
				E48278692A09DAC800E91FA3 /* Base */,
			);
			name = Main.storyboard;
			sourceTree = "<group>";
		};
		E482786D2A09DAC900E91FA3 /* LaunchScreen.storyboard */ = {
			isa = PBXVariantGroup;
			children = (
				E482786E2A09DAC900E91FA3 /* Base */,
			);
			name = LaunchScreen.storyboard;
			sourceTree = "<group>";
		};
/* End PBXVariantGroup section */

/* Begin XCBuildConfiguration section */
		E48278712A09DAC900E91FA3 /* Debug */ = {
			isa = XCBuildConfiguration;
			buildSettings = {
				ALWAYS_SEARCH_USER_PATHS = NO;
				CLANG_ANALYZER_NONNULL = YES;
				CLANG_ANALYZER_NUMBER_OBJECT_CONVERSION = YES_AGGRESSIVE;
				CLANG_CXX_LANGUAGE_STANDARD = "gnu++20";
				CLANG_ENABLE_MODULES = YES;
				CLANG_ENABLE_OBJC_ARC = YES;
				CLANG_ENABLE_OBJC_WEAK = YES;
				CLANG_WARN_BLOCK_CAPTURE_AUTORELEASING = YES;
				CLANG_WARN_BOOL_CONVERSION = YES;
				CLANG_WARN_COMMA = YES;
				CLANG_WARN_CONSTANT_CONVERSION = YES;
				CLANG_WARN_DEPRECATED_OBJC_IMPLEMENTATIONS = YES;
				CLANG_WARN_DIRECT_OBJC_ISA_USAGE = YES_ERROR;
				CLANG_WARN_DOCUMENTATION_COMMENTS = YES;
				CLANG_WARN_EMPTY_BODY = YES;
				CLANG_WARN_ENUM_CONVERSION = YES;
				CLANG_WARN_INFINITE_RECURSION = YES;
				CLANG_WARN_INT_CONVERSION = YES;
				CLANG_WARN_NON_LITERAL_NULL_CONVERSION = YES;
				CLANG_WARN_OBJC_IMPLICIT_RETAIN_SELF = YES;
				CLANG_WARN_OBJC_LITERAL_CONVERSION = YES;
				CLANG_WARN_OBJC_ROOT_CLASS = YES_ERROR;
				CLANG_WARN_QUOTED_INCLUDE_IN_FRAMEWORK_HEADER = YES;
				CLANG_WARN_RANGE_LOOP_ANALYSIS = YES;
				CLANG_WARN_STRICT_PROTOTYPES = YES;
				CLANG_WARN_SUSPICIOUS_MOVE = YES;
				CLANG_WARN_UNGUARDED_AVAILABILITY = YES_AGGRESSIVE;
				CLANG_WARN_UNREACHABLE_CODE = YES;
				CLANG_WARN__DUPLICATE_METHOD_MATCH = YES;
				COPY_PHASE_STRIP = NO;
				DEBUG_INFORMATION_FORMAT = dwarf;
				ENABLE_STRICT_OBJC_MSGSEND = YES;
				ENABLE_TESTABILITY = YES;
				GCC_C_LANGUAGE_STANDARD = gnu11;
				GCC_DYNAMIC_NO_PIC = NO;
				GCC_NO_COMMON_BLOCKS = YES;
				GCC_OPTIMIZATION_LEVEL = 0;
				GCC_PREPROCESSOR_DEFINITIONS = (
					"DEBUG=1",
					"$(inherited)",
				);
				GCC_WARN_64_TO_32_BIT_CONVERSION = YES;
				GCC_WARN_ABOUT_RETURN_TYPE = YES_ERROR;
				GCC_WARN_UNDECLARED_SELECTOR = YES;
				GCC_WARN_UNINITIALIZED_AUTOS = YES_AGGRESSIVE;
				GCC_WARN_UNUSED_FUNCTION = YES;
				GCC_WARN_UNUSED_VARIABLE = YES;
				IPHONEOS_DEPLOYMENT_TARGET = 16.3;
				MTL_ENABLE_DEBUG_INFO = INCLUDE_SOURCE;
				MTL_FAST_MATH = YES;
				ONLY_ACTIVE_ARCH = YES;
				SDKROOT = iphoneos;
				SWIFT_ACTIVE_COMPILATION_CONDITIONS = DEBUG;
				SWIFT_OPTIMIZATION_LEVEL = "-Onone";
			};
			name = Debug;
		};
		E48278722A09DAC900E91FA3 /* Release */ = {
			isa = XCBuildConfiguration;
			buildSettings = {
				ALWAYS_SEARCH_USER_PATHS = NO;
				CLANG_ANALYZER_NONNULL = YES;
				CLANG_ANALYZER_NUMBER_OBJECT_CONVERSION = YES_AGGRESSIVE;
				CLANG_CXX_LANGUAGE_STANDARD = "gnu++20";
				CLANG_ENABLE_MODULES = YES;
				CLANG_ENABLE_OBJC_ARC = YES;
				CLANG_ENABLE_OBJC_WEAK = YES;
				CLANG_WARN_BLOCK_CAPTURE_AUTORELEASING = YES;
				CLANG_WARN_BOOL_CONVERSION = YES;
				CLANG_WARN_COMMA = YES;
				CLANG_WARN_CONSTANT_CONVERSION = YES;
				CLANG_WARN_DEPRECATED_OBJC_IMPLEMENTATIONS = YES;
				CLANG_WARN_DIRECT_OBJC_ISA_USAGE = YES_ERROR;
				CLANG_WARN_DOCUMENTATION_COMMENTS = YES;
				CLANG_WARN_EMPTY_BODY = YES;
				CLANG_WARN_ENUM_CONVERSION = YES;
				CLANG_WARN_INFINITE_RECURSION = YES;
				CLANG_WARN_INT_CONVERSION = YES;
				CLANG_WARN_NON_LITERAL_NULL_CONVERSION = YES;
				CLANG_WARN_OBJC_IMPLICIT_RETAIN_SELF = YES;
				CLANG_WARN_OBJC_LITERAL_CONVERSION = YES;
				CLANG_WARN_OBJC_ROOT_CLASS = YES_ERROR;
				CLANG_WARN_QUOTED_INCLUDE_IN_FRAMEWORK_HEADER = YES;
				CLANG_WARN_RANGE_LOOP_ANALYSIS = YES;
				CLANG_WARN_STRICT_PROTOTYPES = YES;
				CLANG_WARN_SUSPICIOUS_MOVE = YES;
				CLANG_WARN_UNGUARDED_AVAILABILITY = YES_AGGRESSIVE;
				CLANG_WARN_UNREACHABLE_CODE = YES;
				CLANG_WARN__DUPLICATE_METHOD_MATCH = YES;
				COPY_PHASE_STRIP = NO;
				DEBUG_INFORMATION_FORMAT = "dwarf-with-dsym";
				ENABLE_NS_ASSERTIONS = NO;
				ENABLE_STRICT_OBJC_MSGSEND = YES;
				GCC_C_LANGUAGE_STANDARD = gnu11;
				GCC_NO_COMMON_BLOCKS = YES;
				GCC_WARN_64_TO_32_BIT_CONVERSION = YES;
				GCC_WARN_ABOUT_RETURN_TYPE = YES_ERROR;
				GCC_WARN_UNDECLARED_SELECTOR = YES;
				GCC_WARN_UNINITIALIZED_AUTOS = YES_AGGRESSIVE;
				GCC_WARN_UNUSED_FUNCTION = YES;
				GCC_WARN_UNUSED_VARIABLE = YES;
				IPHONEOS_DEPLOYMENT_TARGET = 16.3;
				MTL_ENABLE_DEBUG_INFO = NO;
				MTL_FAST_MATH = YES;
				SDKROOT = iphoneos;
				SWIFT_COMPILATION_MODE = wholemodule;
				SWIFT_OPTIMIZATION_LEVEL = "-O";
				VALIDATE_PRODUCT = YES;
			};
			name = Release;
		};
		E48278742A09DAC900E91FA3 /* Debug */ = {
			isa = XCBuildConfiguration;
			baseConfigurationReference = 6925B422C61C66FF8FFD96C3 /* Pods-issue-tracker.debug.xcconfig */;
			buildSettings = {
				ASSETCATALOG_COMPILER_APPICON_NAME = AppIcon;
				ASSETCATALOG_COMPILER_GLOBAL_ACCENT_COLOR_NAME = AccentColor;
				CODE_SIGN_STYLE = Automatic;
				CURRENT_PROJECT_VERSION = 1;
				GENERATE_INFOPLIST_FILE = YES;
				INFOPLIST_FILE = "issue-tracker/Info.plist";
				INFOPLIST_KEY_UIApplicationSupportsIndirectInputEvents = YES;
				INFOPLIST_KEY_UILaunchStoryboardName = LaunchScreen;
				INFOPLIST_KEY_UIMainStoryboardFile = Main;
				INFOPLIST_KEY_UISupportedInterfaceOrientations = UIInterfaceOrientationPortrait;
				INFOPLIST_KEY_UISupportedInterfaceOrientations_iPad = "UIInterfaceOrientationPortrait UIInterfaceOrientationPortraitUpsideDown";
				IPHONEOS_DEPLOYMENT_TARGET = 16.3;
				LD_RUNPATH_SEARCH_PATHS = (
					"$(inherited)",
					"@executable_path/Frameworks",
				);
				MARKETING_VERSION = 1.0;
				PRODUCT_BUNDLE_IDENTIFIER = "com.team3-iOS.issue-tracker";
				PRODUCT_NAME = "$(TARGET_NAME)";
				SWIFT_EMIT_LOC_STRINGS = YES;
				SWIFT_VERSION = 5.0;
				TARGETED_DEVICE_FAMILY = "1,2";
			};
			name = Debug;
		};
		E48278752A09DAC900E91FA3 /* Release */ = {
			isa = XCBuildConfiguration;
			baseConfigurationReference = 6FA8EEB52250DFCA5841EF77 /* Pods-issue-tracker.release.xcconfig */;
			buildSettings = {
				ASSETCATALOG_COMPILER_APPICON_NAME = AppIcon;
				ASSETCATALOG_COMPILER_GLOBAL_ACCENT_COLOR_NAME = AccentColor;
				CODE_SIGN_STYLE = Automatic;
				CURRENT_PROJECT_VERSION = 1;
				GENERATE_INFOPLIST_FILE = YES;
				INFOPLIST_FILE = "issue-tracker/Info.plist";
				INFOPLIST_KEY_UIApplicationSupportsIndirectInputEvents = YES;
				INFOPLIST_KEY_UILaunchStoryboardName = LaunchScreen;
				INFOPLIST_KEY_UIMainStoryboardFile = Main;
				INFOPLIST_KEY_UISupportedInterfaceOrientations = UIInterfaceOrientationPortrait;
				INFOPLIST_KEY_UISupportedInterfaceOrientations_iPad = "UIInterfaceOrientationPortrait UIInterfaceOrientationPortraitUpsideDown";
				IPHONEOS_DEPLOYMENT_TARGET = 16.3;
				LD_RUNPATH_SEARCH_PATHS = (
					"$(inherited)",
					"@executable_path/Frameworks",
				);
				MARKETING_VERSION = 1.0;
				PRODUCT_BUNDLE_IDENTIFIER = "com.team3-iOS.issue-tracker";
				PRODUCT_NAME = "$(TARGET_NAME)";
				SWIFT_EMIT_LOC_STRINGS = YES;
				SWIFT_VERSION = 5.0;
				TARGETED_DEVICE_FAMILY = "1,2";
			};
			name = Release;
		};
/* End XCBuildConfiguration section */

/* Begin XCConfigurationList section */
		E482785A2A09DAC800E91FA3 /* Build configuration list for PBXProject "issue-tracker" */ = {
			isa = XCConfigurationList;
			buildConfigurations = (
				E48278712A09DAC900E91FA3 /* Debug */,
				E48278722A09DAC900E91FA3 /* Release */,
			);
			defaultConfigurationIsVisible = 0;
			defaultConfigurationName = Release;
		};
		E48278732A09DAC900E91FA3 /* Build configuration list for PBXNativeTarget "issue-tracker" */ = {
			isa = XCConfigurationList;
			buildConfigurations = (
				E48278742A09DAC900E91FA3 /* Debug */,
				E48278752A09DAC900E91FA3 /* Release */,
			);
			defaultConfigurationIsVisible = 0;
			defaultConfigurationName = Release;
		};
/* End XCConfigurationList section */
	};
	rootObject = E48278572A09DAC800E91FA3 /* Project object */;
}
